#MicroXplorer Configuration settings - do not modify
ADC3.Channel-0\#ChannelRegularConversion=ADC_CHANNEL_7
ADC3.IPParameters=Rank-0\#ChannelRegularConversion,Channel-0\#ChannelRegularConversion,SamplingTime-0\#ChannelRegularConversion,OffsetNumber-0\#ChannelRegularConversion,OffsetSign-0\#ChannelRegularConversion,NbrOfConversionFlag
ADC3.NbrOfConversionFlag=1
ADC3.OffsetNumber-0\#ChannelRegularConversion=ADC_OFFSET_NONE
ADC3.OffsetSign-0\#ChannelRegularConversion=ADC3_OFFSET_SIGN_NEGATIVE
ADC3.Rank-0\#ChannelRegularConversion=1
ADC3.SamplingTime-0\#ChannelRegularConversion=ADC3_SAMPLETIME_2CYCLES_5
BSP_IP_NAME=NUCLEO-H723ZG
Bdma.ADC3.0.Direction=DMA_PERIPH_TO_MEMORY
Bdma.ADC3.0.EventEnable=DISABLE
Bdma.ADC3.0.Instance=BDMA_Channel0
Bdma.ADC3.0.MemDataAlignment=DMA_MDATAALIGN_HALFWORD
Bdma.ADC3.0.MemInc=DMA_MINC_ENABLE
Bdma.ADC3.0.Mode=DMA_NORMAL
Bdma.ADC3.0.PeriphDataAlignment=DMA_PDATAALIGN_HALFWORD
Bdma.ADC3.0.PeriphInc=DMA_PINC_DISABLE
Bdma.ADC3.0.Polarity=HAL_DMAMUX_REQ_GEN_RISING
Bdma.ADC3.0.Priority=DMA_PRIORITY_LOW
Bdma.ADC3.0.RequestNumber=1
Bdma.ADC3.0.RequestParameters=Instance,Direction,PeriphInc,MemInc,PeriphDataAlignment,MemDataAlignment,Mode,Priority,SignalID,Polarity,RequestNumber,SyncSignalID,SyncPolarity,SyncEnable,EventEnable,SyncRequestNumber
Bdma.ADC3.0.SignalID=NONE
Bdma.ADC3.0.SyncEnable=DISABLE
Bdma.ADC3.0.SyncPolarity=HAL_DMAMUX_SYNC_NO_EVENT
Bdma.ADC3.0.SyncRequestNumber=1
Bdma.ADC3.0.SyncSignalID=NONE
Bdma.Request0=ADC3
Bdma.RequestsNb=1
CAD.formats=
CAD.pinconfig=
CAD.provider=
CORTEX_M7.CPU_DCache=Enabled
CORTEX_M7.CPU_ICache=Enabled
CORTEX_M7.IPParameters=default_mode_Activation,CPU_ICache,CPU_DCache
CORTEX_M7.default_mode_Activation=1
File.Version=6
GPIO.groupedBy=Group By Peripherals
KeepUserPlacement=false
MMTAppReg1.MEMORYMAP.AppRegionName=DTCMRAM
MMTAppReg1.MEMORYMAP.ContextName=Cortex-M7NS
MMTAppReg1.MEMORYMAP.CoreName=Arm Cortex-M7
MMTAppReg1.MEMORYMAP.IPParameters=StartAddress,Size,CoreName,ContextName,Name
MMTAppReg1.MEMORYMAP.Name=DTCMRAM
MMTAppReg1.MEMORYMAP.Size=131072
MMTAppReg1.MEMORYMAP.StartAddress=0x20000000
MMTAppReg2.MEMORYMAP.AppRegionName=RAM
MMTAppReg2.MEMORYMAP.ContextName=Cortex-M7NS
MMTAppReg2.MEMORYMAP.CoreName=Arm Cortex-M7
MMTAppReg2.MEMORYMAP.DefaultDataRegion=true
MMTAppReg2.MEMORYMAP.IPParameters=StartAddress,Size,CoreName,ContextName,Name,DefaultDataRegion
MMTAppReg2.MEMORYMAP.Name=RAM
MMTAppReg2.MEMORYMAP.Size=131072
MMTAppReg2.MEMORYMAP.StartAddress=0x24000000
MMTAppReg3.MEMORYMAP.AppRegionName=RAM_D2
MMTAppReg3.MEMORYMAP.ContextName=Cortex-M7NS
MMTAppReg3.MEMORYMAP.CoreName=Arm Cortex-M7
MMTAppReg3.MEMORYMAP.IPParameters=StartAddress,Size,CoreName,ContextName,Name
MMTAppReg3.MEMORYMAP.Name=RAM_D2
MMTAppReg3.MEMORYMAP.Size=32768
MMTAppReg3.MEMORYMAP.StartAddress=0x30000000
MMTAppReg4.MEMORYMAP.AppRegionName=RAM_D3
MMTAppReg4.MEMORYMAP.ContextName=Cortex-M7NS
MMTAppReg4.MEMORYMAP.CoreName=Arm Cortex-M7
MMTAppReg4.MEMORYMAP.IPParameters=StartAddress,Size,CoreName,ContextName,Name
MMTAppReg4.MEMORYMAP.Name=RAM_D3
MMTAppReg4.MEMORYMAP.Size=16384
MMTAppReg4.MEMORYMAP.StartAddress=0x38000000
MMTAppReg5.MEMORYMAP.AppRegionName=ITCMRAM
MMTAppReg5.MEMORYMAP.Cacheability=WTRA
MMTAppReg5.MEMORYMAP.ContextName=Cortex-M7NS
MMTAppReg5.MEMORYMAP.CoreName=Arm Cortex-M7
MMTAppReg5.MEMORYMAP.IPParameters=StartAddress,Size,CoreName,ContextName,Name,Cacheability
MMTAppReg5.MEMORYMAP.Name=ITCMRAM
MMTAppReg5.MEMORYMAP.Size=65536
MMTAppReg5.MEMORYMAP.StartAddress=0x00000000
MMTAppReg6.MEMORYMAP.AP=RO_priv_only
MMTAppReg6.MEMORYMAP.AppRegionName=FLASH
MMTAppReg6.MEMORYMAP.Cacheability=WTRA
MMTAppReg6.MEMORYMAP.ContextName=Cortex-M7NS
MMTAppReg6.MEMORYMAP.CoreName=Arm Cortex-M7
MMTAppReg6.MEMORYMAP.DefaultCodeRegion=true
MMTAppReg6.MEMORYMAP.IPParameters=StartAddress,Size,CoreName,MemType,ContextName,Name,AP,Cacheability,DefaultCodeRegion,ISRRegion,RootBootRegion
MMTAppReg6.MEMORYMAP.ISRRegion=true
MMTAppReg6.MEMORYMAP.MemType=ROM
MMTAppReg6.MEMORYMAP.Name=FLASH
MMTAppReg6.MEMORYMAP.RootBootRegion=true
MMTAppReg6.MEMORYMAP.Size=1048576
MMTAppReg6.MEMORYMAP.StartAddress=0x08000000
MMTAppRegionsCount=6
MMTConfigApplied=false
Mcu.CPN=STM32H723ZGT6
Mcu.Family=STM32H7
Mcu.IP0=ADC3
Mcu.IP1=BDMA
Mcu.IP10=USART3
Mcu.IP11=NUCLEO-H723ZG
Mcu.IP2=CORTEX_M7
Mcu.IP3=MEMORYMAP
Mcu.IP4=NVIC
Mcu.IP5=RCC
Mcu.IP6=SYS
Mcu.IP7=TIM1
Mcu.IP8=TIM2
Mcu.IP9=USART2
Mcu.IPNb=12
Mcu.Name=STM32H723ZGTx
Mcu.Package=LQFP144
Mcu.Pin0=PF8
Mcu.Pin1=PH0-OSC_IN
Mcu.Pin10=PB11
Mcu.Pin11=PB14
Mcu.Pin12=PD8
Mcu.Pin13=PD9
Mcu.Pin14=PD5
Mcu.Pin15=PD6
Mcu.Pin16=PE1
Mcu.Pin17=VP_SYS_VS_tim6
Mcu.Pin18=VP_TIM1_VS_ClockSourceINT
Mcu.Pin19=VP_TIM2_VS_ClockSourceINT
Mcu.Pin2=PH1-OSC_OUT
Mcu.Pin20=VP_MEMORYMAP_VS_MEMORYMAP
Mcu.Pin21=VP_STMicroelectronics.X-CUBE-AZRTOS-H7_VS_RTOSJjThreadX_6.4.0_3.3.0
Mcu.Pin3=PA0
Mcu.Pin4=PB0
Mcu.Pin5=PE9
Mcu.Pin6=PE11
Mcu.Pin7=PE13
Mcu.Pin8=PE15
Mcu.Pin9=PB10
Mcu.PinsNb=22
Mcu.ThirdParty0=STMicroelectronics.X-CUBE-AZRTOS-H7.3.3.0
Mcu.ThirdPartyNb=1
Mcu.UserConstants=
Mcu.UserName=STM32H723ZGTx
MxCube.Version=6.13.0
MxDb.Version=DB.6.0.130
NVIC.BDMA_Channel0_IRQn=true\:0\:0\:false\:false\:true\:true\:false\:true\:true
NVIC.BusFault_IRQn=true\:0\:0\:false\:false\:true\:false\:false\:false\:false
NVIC.DebugMonitor_IRQn=true\:0\:0\:false\:false\:true\:false\:false\:false\:false
NVIC.ForceEnableDMAVector=true
NVIC.HardFault_IRQn=true\:0\:0\:false\:false\:true\:false\:false\:false\:false
NVIC.MemoryManagement_IRQn=true\:0\:0\:false\:false\:true\:false\:false\:false\:false
NVIC.NonMaskableInt_IRQn=true\:0\:0\:false\:false\:true\:false\:false\:false\:false
NVIC.PendSV_IRQn=true\:0\:0\:false\:false\:false\:false\:false\:false\:false
NVIC.PriorityGroup=NVIC_PRIORITYGROUP_4
NVIC.SVCall_IRQn=true\:0\:0\:false\:false\:false\:false\:false\:false\:false
NVIC.SavedPendsvIrqHandlerGenerated=true
NVIC.SavedSvcallIrqHandlerGenerated=true
NVIC.SavedSystickIrqHandlerGenerated=true
NVIC.SysTick_IRQn=true\:0\:0\:false\:false\:false\:false\:false\:true\:false
NVIC.TIM6_DAC_IRQn=true\:15\:0\:false\:false\:true\:false\:false\:true\:true
NVIC.TimeBase=TIM6_DAC_IRQn
NVIC.TimeBaseIP=TIM6
NVIC.UsageFault_IRQn=true\:0\:0\:false\:false\:true\:false\:false\:false\:false
PA0.Signal=S_TIM2_CH1_ETR
PB0.GPIOParameters=GPIO_Speed,GPIO_PuPd,GPIO_Label
PB0.GPIO_Label=LED1
PB0.GPIO_PuPd=GPIO_NOPULL
PB0.GPIO_Speed=GPIO_SPEED_FREQ_VERY_HIGH
PB0.Locked=true
PB0.Signal=GPIO_Output
PB10.GPIOParameters=GPIO_Label
PB10.GPIO_Label=Drive Enable
PB10.Locked=true
PB10.Signal=GPIO_Output
PB11.GPIOParameters=GPIO_Label
PB11.GPIO_Label=Recieve Enable
PB11.Locked=true
PB11.Signal=GPIO_Output
PB14.GPIOParameters=GPIO_Speed,GPIO_Label
PB14.GPIO_Label=LED2
PB14.GPIO_Speed=GPIO_SPEED_FREQ_VERY_HIGH
PB14.Locked=true
PB14.Signal=GPIO_Output
PD5.Locked=true
PD5.Mode=Asynchronous
PD5.Signal=USART2_TX
PD6.Locked=true
PD6.Mode=Asynchronous
PD6.Signal=USART2_RX
PD8.Locked=true
PD8.Mode=Asynchronous
PD8.Signal=USART3_TX
PD9.GPIOParameters=GPIO_ModeDefaultPP,GPIO_PuPd
PD9.GPIO_ModeDefaultPP=GPIO_MODE_AF_PP
PD9.GPIO_PuPd=GPIO_PULLUP
PD9.Mode=Asynchronous
PD9.Signal=USART3_RX
PE1.GPIOParameters=GPIO_Label
PE1.GPIO_Label=LED3
PE1.Locked=true
PE1.Signal=GPIO_Output
PE11.Signal=S_TIM1_CH2
PE13.Signal=S_TIM1_CH3
PE15.GPIOParameters=GPIO_PuPd,GPIO_Label
PE15.GPIO_Label=Recieved Data Out
PE15.GPIO_PuPd=GPIO_PULLUP
PE15.Locked=true
PE15.Signal=GPIO_Input
PE9.Signal=S_TIM1_CH1
PF8.Mode=IN7-Single-Ended
PF8.Signal=ADC3_INP7
PH0-OSC_IN.Mode=HSE-External-Oscillator
PH0-OSC_IN.Signal=RCC_OSC_IN
PH1-OSC_OUT.Mode=HSE-External-Oscillator
PH1-OSC_OUT.Signal=RCC_OSC_OUT
PinOutPanel.RotationAngle=0
ProjectManager.AskForMigrate=true
ProjectManager.BackupPrevious=false
ProjectManager.CompilerOptimize=6
ProjectManager.ComputerToolchain=false
ProjectManager.CoupleFile=false
ProjectManager.CustomerFirmwarePackage=
ProjectManager.DefaultFWLocation=true
ProjectManager.DeletePrevious=true
ProjectManager.DeviceId=STM32H723ZGTx
ProjectManager.Example=Tx_Thread_Creation
ProjectManager.ExampleSource=MxCubeExpansion
ProjectManager.FirmwarePackage=STM32Cube FW_H7 V1.12.1
ProjectManager.FreePins=false
ProjectManager.HalAssertFull=false
ProjectManager.HeapSize=0x200
ProjectManager.KeepUserCode=true
ProjectManager.LastFirmware=true
ProjectManager.LibraryCopy=1
ProjectManager.MainLocation=Src
ProjectManager.NoMain=false
ProjectManager.PreviousToolchain=
ProjectManager.ProjectBuild=false
ProjectManager.ProjectFileName=Tx_Thread_Creation.ioc
ProjectManager.ProjectName=Tx_Thread_Creation
ProjectManager.ProjectStructure=
ProjectManager.RegisterCallBack=
ProjectManager.StackSize=0x400
ProjectManager.TargetToolchain=Makefile
ProjectManager.ToolChainLocation=
ProjectManager.UAScriptAfterPath=
ProjectManager.UAScriptBeforePath=
ProjectManager.UnderRoot=false
ProjectManager.functionlistsort=1-SystemClock_Config-RCC-false-HAL-false,2-MX_GPIO_Init-GPIO-false-HAL-true,3-MX_BDMA_Init-BDMA-false-HAL-true,4-MX_USART3_UART_Init-USART3-false-HAL-true,5-MX_USART2_UART_Init-USART2-false-HAL-true,6-MX_ADC3_Init-ADC3-false-HAL-true,7-MX_TIM1_Init-TIM1-false-HAL-true,0-MX_CORTEX_M7_Init-CORTEX_M7-false-HAL-true
RCC.ADCFreq_Value=96000000
RCC.AHB12Freq_Value=260000000
RCC.AHB4Freq_Value=260000000
RCC.APB1Freq_Value=130000000
RCC.APB2Freq_Value=130000000
RCC.APB3Freq_Value=130000000
RCC.APB4Freq_Value=130000000
RCC.AXIClockFreq_Value=260000000
RCC.CECFreq_Value=32000
RCC.CKPERFreq_Value=64000000
RCC.CortexFreq_Value=520000000
RCC.CpuClockFreq_Value=520000000
RCC.D1CPREFreq_Value=520000000
RCC.D1PPRE=RCC_APB3_DIV2
RCC.D2PPRE1=RCC_APB1_DIV2
RCC.D2PPRE2=RCC_APB2_DIV2
RCC.D3PPRE=RCC_APB4_DIV2
RCC.DFSDMACLkFreq_Value=260000000
RCC.DFSDMFreq_Value=130000000
RCC.DIVM1=4
RCC.DIVM2=1
RCC.DIVN1=260
RCC.DIVN2=24
RCC.DIVP1=1
RCC.DIVP1Freq_Value=520000000
RCC.DIVP2Freq_Value=96000000
RCC.DIVP3Freq_Value=16125000
RCC.DIVQ1Freq_Value=260000000
RCC.DIVQ2Freq_Value=96000000
RCC.DIVQ3Freq_Value=16125000
RCC.DIVR1Freq_Value=260000000
RCC.DIVR2Freq_Value=96000000
RCC.DIVR3Freq_Value=16125000
RCC.FDCANFreq_Value=260000000
RCC.FMCFreq_Value=260000000
RCC.FamilyName=M
RCC.HCLK3ClockFreq_Value=260000000
RCC.HCLKFreq_Value=260000000
RCC.HPRE=RCC_HCLK_DIV2
RCC.HSE_VALUE=8000000
RCC.I2C123Freq_Value=130000000
RCC.I2C4Freq_Value=130000000
RCC.IPParameters=ADCFreq_Value,AHB12Freq_Value,AHB4Freq_Value,APB1Freq_Value,APB2Freq_Value,APB3Freq_Value,APB4Freq_Value,AXIClockFreq_Value,CECFreq_Value,CKPERFreq_Value,CortexFreq_Value,CpuClockFreq_Value,D1CPREFreq_Value,D1PPRE,D2PPRE1,D2PPRE2,D3PPRE,DFSDMACLkFreq_Value,DFSDMFreq_Value,DIVM1,DIVM2,DIVN1,DIVN2,DIVP1,DIVP1Freq_Value,DIVP2Freq_Value,DIVP3Freq_Value,DIVQ1Freq_Value,DIVQ2Freq_Value,DIVQ3Freq_Value,DIVR1Freq_Value,DIVR2Freq_Value,DIVR3Freq_Value,FDCANFreq_Value,FMCFreq_Value,FamilyName,HCLK3ClockFreq_Value,HCLKFreq_Value,HPRE,HSE_VALUE,I2C123Freq_Value,I2C4Freq_Value,LPTIM1Freq_Value,LPTIM2Freq_Value,LPTIM345Freq_Value,LPUART1Freq_Value,LTDCFreq_Value,MCO1PinFreq_Value,MCO2PinFreq_Value,PLLSourceVirtual,QSPIFreq_Value,RNGFreq_Value,RTCFreq_Value,SAI1Freq_Value,SAI4AFreq_Value,SAI4BFreq_Value,SDMMCFreq_Value,SPDIFRXFreq_Value,SPI123Freq_Value,SPI45Freq_Value,SPI6Freq_Value,SWPMI1Freq_Value,SYSCLKFreq_VALUE,SYSCLKSource,Tim1OutputFreq_Value,Tim2OutputFreq_Value,TraceFreq_Value,USART16Freq_Value,USART234578Freq_Value,USBFreq_Value,VCO1OutputFreq_Value,VCO2OutputFreq_Value,VCO3OutputFreq_Value,VCOInput1Freq_Value,VCOInput2Freq_Value,VCOInput3Freq_Value
RCC.LPTIM1Freq_Value=130000000
RCC.LPTIM2Freq_Value=130000000
RCC.LPTIM345Freq_Value=130000000
RCC.LPUART1Freq_Value=130000000
RCC.LTDCFreq_Value=16125000
RCC.MCO1PinFreq_Value=64000000
RCC.MCO2PinFreq_Value=520000000
RCC.PLLSourceVirtual=RCC_PLLSOURCE_HSE
RCC.QSPIFreq_Value=260000000
RCC.RNGFreq_Value=48000000
RCC.RTCFreq_Value=32000
RCC.SAI1Freq_Value=260000000
RCC.SAI4AFreq_Value=260000000
RCC.SAI4BFreq_Value=260000000
RCC.SDMMCFreq_Value=260000000
RCC.SPDIFRXFreq_Value=260000000
RCC.SPI123Freq_Value=260000000
RCC.SPI45Freq_Value=130000000
RCC.SPI6Freq_Value=130000000
RCC.SWPMI1Freq_Value=130000000
RCC.SYSCLKFreq_VALUE=520000000
RCC.SYSCLKSource=RCC_SYSCLKSOURCE_PLLCLK
RCC.Tim1OutputFreq_Value=260000000
RCC.Tim2OutputFreq_Value=260000000
RCC.TraceFreq_Value=64000000
RCC.USART16Freq_Value=130000000
RCC.USART234578Freq_Value=130000000
RCC.USBFreq_Value=260000000
RCC.VCO1OutputFreq_Value=520000000
RCC.VCO2OutputFreq_Value=192000000
RCC.VCO3OutputFreq_Value=32250000
RCC.VCOInput1Freq_Value=2000000
RCC.VCOInput2Freq_Value=8000000
RCC.VCOInput3Freq_Value=250000
SH.S_TIM1_CH1.0=TIM1_CH1,PWM Generation1 CH1
SH.S_TIM1_CH1.ConfNb=1
SH.S_TIM1_CH2.0=TIM1_CH2,PWM Generation2 CH2
SH.S_TIM1_CH2.ConfNb=1
SH.S_TIM1_CH3.0=TIM1_CH3,PWM Generation3 CH3
SH.S_TIM1_CH3.ConfNb=1
SH.S_TIM2_CH1_ETR.0=TIM2_CH1,PWM Generation1 CH1
SH.S_TIM2_CH1_ETR.ConfNb=1
STMicroelectronics.X-CUBE-AZRTOS-H7.3.3.0.IPParameters=TX_APP_MEM_POOL_SIZE,TX_APP_GENERATE_INIT_CODE,TX_APP_THREAD_PRIO,TX_APP_CREATION,TX_APP_THREAD_ENTRY,TX_APP_THREAD_NAME,TX_DISABLE_PREEMPTION_THRESHOLD,ThreadXCcRTOSJjThreadXJjCore
STMicroelectronics.X-CUBE-AZRTOS-H7.3.3.0.RTOSJjThreadX_Checked=true
STMicroelectronics.X-CUBE-AZRTOS-H7.3.3.0.TX_APP_CREATION=1
STMicroelectronics.X-CUBE-AZRTOS-H7.3.3.0.TX_APP_GENERATE_INIT_CODE=true
STMicroelectronics.X-CUBE-AZRTOS-H7.3.3.0.TX_APP_MEM_POOL_SIZE=2*1024
STMicroelectronics.X-CUBE-AZRTOS-H7.3.3.0.TX_APP_THREAD_ENTRY=MainThread_Entry
STMicroelectronics.X-CUBE-AZRTOS-H7.3.3.0.TX_APP_THREAD_NAME=Main Thread
STMicroelectronics.X-CUBE-AZRTOS-H7.3.3.0.TX_APP_THREAD_PRIO=5
STMicroelectronics.X-CUBE-AZRTOS-H7.3.3.0.TX_DISABLE_PREEMPTION_THRESHOLD=0
STMicroelectronics.X-CUBE-AZRTOS-H7.3.3.0.ThreadXCcRTOSJjThreadXJjCore=true
STMicroelectronics.X-CUBE-AZRTOS-H7.3.3.0_IsAnAzureRtosMw=true
STMicroelectronics.X-CUBE-AZRTOS-H7.3.3.0_SwParameter=ThreadXCcRTOSJjThreadXJjCore\:true;
TIM1.Channel-PWM\ Generation1\ CH1=TIM_CHANNEL_1
TIM1.Channel-PWM\ Generation2\ CH2=TIM_CHANNEL_2
TIM1.Channel-PWM\ Generation3\ CH3=TIM_CHANNEL_3
TIM1.IPParameters=Channel-PWM Generation1 CH1,Channel-PWM Generation2 CH2,Channel-PWM Generation3 CH3,Prescaler,Period
TIM1.Period=2599
TIM1.Prescaler=1000
TIM2.AutoReloadPreload=TIM_AUTORELOAD_PRELOAD_ENABLE
TIM2.Channel-PWM\ Generation1\ CH1=TIM_CHANNEL_1
TIM2.IPParameters=Channel-PWM Generation1 CH1,Period,AutoReloadPreload
TIM2.Period=65535
USART2.IPParameters=VirtualMode-Asynchronous
USART2.VirtualMode-Asynchronous=VM_ASYNC
USART3.BaudRate=115200
USART3.IPParameters=VirtualMode-Asynchronous,BaudRate,Parity
USART3.Parity=PARITY_NONE
USART3.VirtualMode-Asynchronous=VM_ASYNC
VP_MEMORYMAP_VS_MEMORYMAP.Mode=CurAppReg
VP_MEMORYMAP_VS_MEMORYMAP.Signal=MEMORYMAP_VS_MEMORYMAP
VP_STMicroelectronics.X-CUBE-AZRTOS-H7_VS_RTOSJjThreadX_6.4.0_3.3.0.Mode=RTOSJjThreadX
VP_STMicroelectronics.X-CUBE-AZRTOS-H7_VS_RTOSJjThreadX_6.4.0_3.3.0.Signal=STMicroelectronics.X-CUBE-AZRTOS-H7_VS_RTOSJjThreadX_6.4.0_3.3.0
VP_SYS_VS_tim6.Mode=TIM6
VP_SYS_VS_tim6.Signal=SYS_VS_tim6
VP_TIM1_VS_ClockSourceINT.Mode=Internal
VP_TIM1_VS_ClockSourceINT.Signal=TIM1_VS_ClockSourceINT
VP_TIM2_VS_ClockSourceINT.Mode=Internal
VP_TIM2_VS_ClockSourceINT.Signal=TIM2_VS_ClockSourceINT
board=NUCLEO-H723ZG
boardIOC=true
